
Microsoft Visual Studio Solution File, Format Version 12.00
# Visual Studio Version 17
VisualStudioVersion = 17.6.33829.357
MinimumVisualStudioVersion = 10.0.40219.1
Project("{FAE04EC0-301F-11D3-BF4B-00C04F79EFBC}") = "CONVERTIDORPESOVOLUMENTEMPERATURA.Android", "CONVERTIDORPESOVOLUMENTEMPERATURA.Android\CONVERTIDORPESOVOLUMENTEMPERATURA.Android.csproj", "{0B16A0F0-B8FB-446B-BB96-75B6D6BF721C}"
EndProject
Project("{FAE04EC0-301F-11D3-BF4B-00C04F79EFBC}") = "CONVERTIDORPESOVOLUMENTEMPERATURA", "CONVERTIDORPESOVOLUMENTEMPERATURA\CONVERTIDORPESOVOLUMENTEMPERATURA.csproj", "{204D6FB9-88DD-4F86-8F3E-F769910066F1}"
EndProject
Global
	GlobalSection(SolutionConfigurationPlatforms) = preSolution
		Debug|Any CPU = Debug|Any CPU
		Release|Any CPU = Release|Any CPU
	EndGlobalSection
	GlobalSection(ProjectConfigurationPlatforms) = postSolution
		{0B16A0F0-B8FB-446B-BB96-75B6D6BF721C}.Debug|Any CPU.ActiveCfg = Debug|Any CPU
		{0B16A0F0-B8FB-446B-BB96-75B6D6BF721C}.Debug|Any CPU.Build.0 = Debug|Any CPU
		{0B16A0F0-B8FB-446B-BB96-75B6D6BF721C}.Debug|Any CPU.Deploy.0 = Debug|Any CPU
		{0B16A0F0-B8FB-446B-BB96-75B6D6BF721C}.Release|Any CPU.ActiveCfg = Release|Any CPU
		{0B16A0F0-B8FB-446B-BB96-75B6D6BF721C}.Release|Any CPU.Build.0 = Release|Any CPU
		{0B16A0F0-B8FB-446B-BB96-75B6D6BF721C}.Release|Any CPU.Deploy.0 = Release|Any CPU
		{204D6FB9-88DD-4F86-8F3E-F769910066F1}.Debug|Any CPU.ActiveCfg = Debug|Any CPU
		{204D6FB9-88DD-4F86-8F3E-F769910066F1}.Debug|Any CPU.Build.0 = Debug|Any CPU
		{204D6FB9-88DD-4F86-8F3E-F769910066F1}.Debug|Any CPU.Deploy.0 = Debug|Any CPU
		{204D6FB9-88DD-4F86-8F3E-F769910066F1}.Release|Any CPU.ActiveCfg = Release|Any CPU
		{204D6FB9-88DD-4F86-8F3E-F769910066F1}.Release|Any CPU.Build.0 = Release|Any CPU
		{204D6FB9-88DD-4F86-8F3E-F769910066F1}.Release|Any CPU.Deploy.0 = Release|Any CPU
	EndGlobalSection
	GlobalSection(SolutionProperties) = preSolution
		HideSolutionNode = FALSE
	EndGlobalSection
	GlobalSection(ExtensibilityGlobals) = postSolution
		SolutionGuid = {F55A413C-29D1-4E50-BCAB-D5D25E16A8FC}
	EndGlobalSection
EndGlobal
